
Microsoft Visual Studio Solution File, Format Version 12.00
Project("{FAE04EC0-301F-11D3-BF4B-00C04F79EFBC}") = "Osm-Data-Requester", "Osm-Data-Requester\Osm-Data-Requester.csproj", "{836E0262-E20F-4242-AC03-24120795CA3E}"
EndProject
Global
	GlobalSection(SolutionConfigurationPlatforms) = preSolution
		Debug|Any CPU = Debug|Any CPU
		Release|Any CPU = Release|Any CPU
	EndGlobalSection
	GlobalSection(ProjectConfigurationPlatforms) = postSolution
		{836E0262-E20F-4242-AC03-24120795CA3E}.Debug|Any CPU.ActiveCfg = Debug|Any CPU
		{836E0262-E20F-4242-AC03-24120795CA3E}.Debug|Any CPU.Build.0 = Debug|Any CPU
		{836E0262-E20F-4242-AC03-24120795CA3E}.Release|Any CPU.ActiveCfg = Release|Any CPU
		{836E0262-E20F-4242-AC03-24120795CA3E}.Release|Any CPU.Build.0 = Release|Any CPU
	EndGlobalSection
EndGlobal
